
Microsoft Visual Studio Solution File, Format Version 12.00
# Visual Studio 15
VisualStudioVersion = 15.0.27703.2026
MinimumVisualStudioVersion = 10.0.40219.1
Project("{8BC9CEB8-8B4A-11D0-8D11-00A0C91BC942}") = "myLeNet", "myLeNet.vcxproj", "{7B41A594-7747-4B2B-84F9-DD97211A6296}"
EndProject
Global
	GlobalSection(SolutionConfigurationPlatforms) = preSolution
		Debug|x64 = Debug|x64
		Debug|x86 = Debug|x86
		Release|x64 = Release|x64
		Release|x86 = Release|x86
	EndGlobalSection
	GlobalSection(ProjectConfigurationPlatforms) = postSolution
		{7B41A594-7747-4B2B-84F9-DD97211A6296}.Debug|x64.ActiveCfg = Debug|x64
		{7B41A594-7747-4B2B-84F9-DD97211A6296}.Debug|x64.Build.0 = Debug|x64
		{7B41A594-7747-4B2B-84F9-DD97211A6296}.Debug|x86.ActiveCfg = Debug|Win32
		{7B41A594-7747-4B2B-84F9-DD97211A6296}.Debug|x86.Build.0 = Debug|Win32
		{7B41A594-7747-4B2B-84F9-DD97211A6296}.Release|x64.ActiveCfg = Release|x64
		{7B41A594-7747-4B2B-84F9-DD97211A6296}.Release|x64.Build.0 = Release|x64
		{7B41A594-7747-4B2B-84F9-DD97211A6296}.Release|x86.ActiveCfg = Release|Win32
		{7B41A594-7747-4B2B-84F9-DD97211A6296}.Release|x86.Build.0 = Release|Win32
	EndGlobalSection
	GlobalSection(SolutionProperties) = preSolution
		HideSolutionNode = FALSE
	EndGlobalSection
	GlobalSection(ExtensibilityGlobals) = postSolution
		SolutionGuid = {59756B0B-F890-4978-A030-BC1DFB71378E}
	EndGlobalSection
EndGlobal
